
Microsoft Visual Studio Solution File, Format Version 12.00
# Visual Studio Version 17
VisualStudioVersion = 17.3.32901.215
MinimumVisualStudioVersion = 10.0.40219.1
Project("{FAE04EC0-301F-11D3-BF4B-00C04F79EFBC}") = "LINQ_Example", "LINQ_Example\LINQ_Example.csproj", "{741AA4FB-BA74-47B4-9ACD-81B07A5EB220}"
EndProject
Global
	GlobalSection(SolutionConfigurationPlatforms) = preSolution
		Debug|Any CPU = Debug|Any CPU
		Release|Any CPU = Release|Any CPU
	EndGlobalSection
	GlobalSection(ProjectConfigurationPlatforms) = postSolution
		{741AA4FB-BA74-47B4-9ACD-81B07A5EB220}.Debug|Any CPU.ActiveCfg = Debug|Any CPU
		{741AA4FB-BA74-47B4-9ACD-81B07A5EB220}.Debug|Any CPU.Build.0 = Debug|Any CPU
		{741AA4FB-BA74-47B4-9ACD-81B07A5EB220}.Release|Any CPU.ActiveCfg = Release|Any CPU
		{741AA4FB-BA74-47B4-9ACD-81B07A5EB220}.Release|Any CPU.Build.0 = Release|Any CPU
	EndGlobalSection
	GlobalSection(SolutionProperties) = preSolution
		HideSolutionNode = FALSE
	EndGlobalSection
	GlobalSection(ExtensibilityGlobals) = postSolution
		SolutionGuid = {44006163-74D3-4109-B600-2E13684402FA}
	EndGlobalSection
EndGlobal
